
Microsoft Visual Studio Solution File, Format Version 12.00
# Visual Studio 2012
Project("{FAE04EC0-301F-11D3-BF4B-00C04F79EFBC}") = "DeReader", "DeReader\DeReader.csproj", "{93F00BDF-CCF6-45DC-BEA4-FA7C59CAFB16}"
EndProject
Project("{FAE04EC0-301F-11D3-BF4B-00C04F79EFBC}") = "DeReader.UnitTests", "DeReader.UnitTests\DeReader.UnitTests.csproj", "{829DDD8A-554A-4AEE-94E9-FA21D2F4F16A}"
EndProject
Global
	GlobalSection(SolutionConfigurationPlatforms) = preSolution
		Debug|Any CPU = Debug|Any CPU
		Release|Any CPU = Release|Any CPU
	EndGlobalSection
	GlobalSection(ProjectConfigurationPlatforms) = postSolution
		{93F00BDF-CCF6-45DC-BEA4-FA7C59CAFB16}.Debug|Any CPU.ActiveCfg = Debug|Any CPU
		{93F00BDF-CCF6-45DC-BEA4-FA7C59CAFB16}.Debug|Any CPU.Build.0 = Debug|Any CPU
		{93F00BDF-CCF6-45DC-BEA4-FA7C59CAFB16}.Release|Any CPU.ActiveCfg = Release|Any CPU
		{93F00BDF-CCF6-45DC-BEA4-FA7C59CAFB16}.Release|Any CPU.Build.0 = Release|Any CPU
		{829DDD8A-554A-4AEE-94E9-FA21D2F4F16A}.Debug|Any CPU.ActiveCfg = Debug|Any CPU
		{829DDD8A-554A-4AEE-94E9-FA21D2F4F16A}.Debug|Any CPU.Build.0 = Debug|Any CPU
		{829DDD8A-554A-4AEE-94E9-FA21D2F4F16A}.Release|Any CPU.ActiveCfg = Release|Any CPU
		{829DDD8A-554A-4AEE-94E9-FA21D2F4F16A}.Release|Any CPU.Build.0 = Release|Any CPU
	EndGlobalSection
	GlobalSection(SolutionProperties) = preSolution
		HideSolutionNode = FALSE
	EndGlobalSection
EndGlobal
