
Microsoft Visual Studio Solution File, Format Version 12.00
# Visual Studio 2012
Project("{FAE04EC0-301F-11D3-BF4B-00C04F79EFBC}") = "DeReader", "DeReader\DeReader.csproj", "{93F00BDF-CCF6-45DC-BEA4-FA7C59CAFB16}"
EndProject
Project("{FAE04EC0-301F-11D3-BF4B-00C04F79EFBC}") = "DeReader.UnitTests", "DeReader.UnitTests\DeReader.UnitTests.csproj", "{829DDD8A-554A-4AEE-94E9-FA21D2F4F16A}"
EndProject
Project("{FAE04EC0-301F-11D3-BF4B-00C04F79EFBC}") = "Database", "Database\Database.csproj", "{815BEC7F-087E-429C-BFC4-E29348DFFD0F}"
EndProject
Project("{FAE04EC0-301F-11D3-BF4B-00C04F79EFBC}") = "RssFetcher", "RssFetcher\RssFetcher.csproj", "{9BBED3E5-7E60-4147-B1ED-CA98AA182CC1}"
EndProject
Project("{2150E333-8FDC-42A3-9474-1A3956D46DE8}") = "UnitTests", "UnitTests", "{18C1386E-B2FD-44A0-9777-941A974EA7E0}"
EndProject
Project("{2150E333-8FDC-42A3-9474-1A3956D46DE8}") = "Src", "Src", "{099DD114-0AB5-4C44-9BE2-28F1435657F1}"
EndProject
Project("{FAE04EC0-301F-11D3-BF4B-00C04F79EFBC}") = "DeReader.Api", "DeReader.Api\DeReader.Api.csproj", "{C1A11FD2-176D-46B5-9779-FF711DC24A80}"
EndProject
Global
	GlobalSection(SolutionConfigurationPlatforms) = preSolution
		Debug|Any CPU = Debug|Any CPU
		Release|Any CPU = Release|Any CPU
	EndGlobalSection
	GlobalSection(ProjectConfigurationPlatforms) = postSolution
		{93F00BDF-CCF6-45DC-BEA4-FA7C59CAFB16}.Debug|Any CPU.ActiveCfg = Debug|Any CPU
		{93F00BDF-CCF6-45DC-BEA4-FA7C59CAFB16}.Debug|Any CPU.Build.0 = Debug|Any CPU
		{93F00BDF-CCF6-45DC-BEA4-FA7C59CAFB16}.Release|Any CPU.ActiveCfg = Release|Any CPU
		{93F00BDF-CCF6-45DC-BEA4-FA7C59CAFB16}.Release|Any CPU.Build.0 = Release|Any CPU
		{829DDD8A-554A-4AEE-94E9-FA21D2F4F16A}.Debug|Any CPU.ActiveCfg = Debug|Any CPU
		{829DDD8A-554A-4AEE-94E9-FA21D2F4F16A}.Debug|Any CPU.Build.0 = Debug|Any CPU
		{829DDD8A-554A-4AEE-94E9-FA21D2F4F16A}.Release|Any CPU.ActiveCfg = Release|Any CPU
		{829DDD8A-554A-4AEE-94E9-FA21D2F4F16A}.Release|Any CPU.Build.0 = Release|Any CPU
		{815BEC7F-087E-429C-BFC4-E29348DFFD0F}.Debug|Any CPU.ActiveCfg = Debug|Any CPU
		{815BEC7F-087E-429C-BFC4-E29348DFFD0F}.Debug|Any CPU.Build.0 = Debug|Any CPU
		{815BEC7F-087E-429C-BFC4-E29348DFFD0F}.Release|Any CPU.ActiveCfg = Release|Any CPU
		{815BEC7F-087E-429C-BFC4-E29348DFFD0F}.Release|Any CPU.Build.0 = Release|Any CPU
		{9BBED3E5-7E60-4147-B1ED-CA98AA182CC1}.Debug|Any CPU.ActiveCfg = Debug|Any CPU
		{9BBED3E5-7E60-4147-B1ED-CA98AA182CC1}.Debug|Any CPU.Build.0 = Debug|Any CPU
		{9BBED3E5-7E60-4147-B1ED-CA98AA182CC1}.Release|Any CPU.ActiveCfg = Release|Any CPU
		{9BBED3E5-7E60-4147-B1ED-CA98AA182CC1}.Release|Any CPU.Build.0 = Release|Any CPU
		{C1A11FD2-176D-46B5-9779-FF711DC24A80}.Debug|Any CPU.ActiveCfg = Debug|Any CPU
		{C1A11FD2-176D-46B5-9779-FF711DC24A80}.Debug|Any CPU.Build.0 = Debug|Any CPU
		{C1A11FD2-176D-46B5-9779-FF711DC24A80}.Release|Any CPU.ActiveCfg = Release|Any CPU
		{C1A11FD2-176D-46B5-9779-FF711DC24A80}.Release|Any CPU.Build.0 = Release|Any CPU
	EndGlobalSection
	GlobalSection(SolutionProperties) = preSolution
		HideSolutionNode = FALSE
	EndGlobalSection
	GlobalSection(NestedProjects) = preSolution
		{815BEC7F-087E-429C-BFC4-E29348DFFD0F} = {099DD114-0AB5-4C44-9BE2-28F1435657F1}
		{9BBED3E5-7E60-4147-B1ED-CA98AA182CC1} = {099DD114-0AB5-4C44-9BE2-28F1435657F1}
		{93F00BDF-CCF6-45DC-BEA4-FA7C59CAFB16} = {099DD114-0AB5-4C44-9BE2-28F1435657F1}
		{C1A11FD2-176D-46B5-9779-FF711DC24A80} = {099DD114-0AB5-4C44-9BE2-28F1435657F1}
		{829DDD8A-554A-4AEE-94E9-FA21D2F4F16A} = {18C1386E-B2FD-44A0-9777-941A974EA7E0}
	EndGlobalSection
EndGlobal
